
Microsoft Visual Studio Solution File, Format Version 12.00
# Visual Studio Version 16
VisualStudioVersion = 16.0.31410.357
MinimumVisualStudioVersion = 10.0.40219.1
Project("{FAE04EC0-301F-11D3-BF4B-00C04F79EFBC}") = "bmp24_to_bmp565", "bmp24_to_bmp565.csproj", "{BBD6020C-B144-4E3C-9453-1A6774B0EA54}"
EndProject
Global
	GlobalSection(SolutionConfigurationPlatforms) = preSolution
		Debug|Any CPU = Debug|Any CPU
		Release|Any CPU = Release|Any CPU
	EndGlobalSection
	GlobalSection(ProjectConfigurationPlatforms) = postSolution
		{BBD6020C-B144-4E3C-9453-1A6774B0EA54}.Debug|Any CPU.ActiveCfg = Debug|Any CPU
		{BBD6020C-B144-4E3C-9453-1A6774B0EA54}.Debug|Any CPU.Build.0 = Debug|Any CPU
		{BBD6020C-B144-4E3C-9453-1A6774B0EA54}.Release|Any CPU.ActiveCfg = Release|Any CPU
		{BBD6020C-B144-4E3C-9453-1A6774B0EA54}.Release|Any CPU.Build.0 = Release|Any CPU
	EndGlobalSection
	GlobalSection(SolutionProperties) = preSolution
		HideSolutionNode = FALSE
	EndGlobalSection
	GlobalSection(ExtensibilityGlobals) = postSolution
		SolutionGuid = {4DF8782A-E746-40E5-B669-09DA5991B0C2}
	EndGlobalSection
EndGlobal
